
Microsoft Visual Studio Solution File, Format Version 12.00
# Visual Studio Version 17
VisualStudioVersion = 17.1.32127.271
MinimumVisualStudioVersion = 10.0.40219.1
Project("{9A19103F-16F7-4668-BE54-9A1E7A4F7556}") = "PerformanceTest", "PerformanceTest\PerformanceTest.csproj", "{DD055FC6-EDD0-4A41-B432-8917C96B3232}"
EndProject
Project("{9A19103F-16F7-4668-BE54-9A1E7A4F7556}") = "UMs", "UMs\UMs.csproj", "{A638B2CE-4CAE-42DA-B2C2-16318E70694E}"
EndProject
Project("{9A19103F-16F7-4668-BE54-9A1E7A4F7556}") = "UMsGenerator", "UMsGenerator\UMsGenerator.csproj", "{B50C5631-9C69-4A6A-AD07-8FC4BA2AE6E7}"
EndProject
Project("{9A19103F-16F7-4668-BE54-9A1E7A4F7556}") = "UMsGeneratorTest", "UMsGeneratorTest\UMsGeneratorTest.csproj", "{10CA5A8D-1756-4E73-ACD3-7C06EC78654A}"
EndProject
Project("{9A19103F-16F7-4668-BE54-9A1E7A4F7556}") = "TestDTDLGenerator", "TestDTDLGenerator\TestDTDLGenerator.csproj", "{141645A2-3BD1-4615-B044-D74A0E69534C}"
EndProject
Project("{2150E333-8FDC-42A3-9474-1A3956D46DE8}") = "1. DTDL", "1. DTDL", "{C990B072-5CDF-48EB-9C32-AB84BDBEA807}"
EndProject
Project("{2150E333-8FDC-42A3-9474-1A3956D46DE8}") = "2. Generic Math", "2. Generic Math", "{322A5E74-E81D-4943-8D28-D08F0527559B}"
EndProject
Project("{2150E333-8FDC-42A3-9474-1A3956D46DE8}") = "3. Performance Test", "3. Performance Test", "{E3AD994E-601A-48AF-9A22-D3E8B68CB7A6}"
EndProject
Project("{2150E333-8FDC-42A3-9474-1A3956D46DE8}") = "4. UM", "4. UM", "{37734B3A-9FAA-4F1A-A00E-E505C64940E1}"
EndProject
Project("{2150E333-8FDC-42A3-9474-1A3956D46DE8}") = "5. CSharp Scripting", "5. CSharp Scripting", "{0E0B00AE-717F-4017-8C52-C08100E5C741}"
EndProject
Project("{2150E333-8FDC-42A3-9474-1A3956D46DE8}") = "6. ANTLR", "6. ANTLR", "{BC57C43D-BF84-4472-86C6-F8B4BA256828}"
EndProject
Project("{2150E333-8FDC-42A3-9474-1A3956D46DE8}") = "7. Notebooks", "7. Notebooks", "{6228A487-9FB9-4562-8141-B8575CC22079}"
EndProject
Project("{9A19103F-16F7-4668-BE54-9A1E7A4F7556}") = "AcmeMathLanguage", "AcmeMathLanguage\AcmeMathLanguage.csproj", "{C57EAF8F-BFF8-454E-BFDF-AD16F21F00D0}"
EndProject
Project("{9A19103F-16F7-4668-BE54-9A1E7A4F7556}") = "AcmeMath.InteractiveExtension", "AcmeMath.InteractiveExtension\AcmeMath.InteractiveExtension.csproj", "{CE839759-093F-4219-9CB0-1C08C8F6A610}"
EndProject
Project("{9A19103F-16F7-4668-BE54-9A1E7A4F7556}") = "AcmeMathLanguagePlayground", "AcmeMathLanguagePlayground\AcmeMathLanguagePlayground.csproj", "{DAF8EBBC-6765-4399-9DDF-012C95AFAF46}"
EndProject
Project("{9A19103F-16F7-4668-BE54-9A1E7A4F7556}") = "AcmeScripting", "AcmeScripting\AcmeScripting.csproj", "{418DFBD6-75E0-4EFB-902C-C07DE4371307}"
EndProject
Project("{9A19103F-16F7-4668-BE54-9A1E7A4F7556}") = "GenericMath", "GenericMath\GenericMath.csproj", "{6692650D-7464-4A65-AAAC-3FAB9EEC0B09}"
EndProject
Global
	GlobalSection(SolutionConfigurationPlatforms) = preSolution
		Debug|Any CPU = Debug|Any CPU
		Release|Any CPU = Release|Any CPU
	EndGlobalSection
	GlobalSection(ProjectConfigurationPlatforms) = postSolution
		{DD055FC6-EDD0-4A41-B432-8917C96B3232}.Debug|Any CPU.ActiveCfg = Debug|Any CPU
		{DD055FC6-EDD0-4A41-B432-8917C96B3232}.Debug|Any CPU.Build.0 = Debug|Any CPU
		{DD055FC6-EDD0-4A41-B432-8917C96B3232}.Release|Any CPU.ActiveCfg = Release|Any CPU
		{DD055FC6-EDD0-4A41-B432-8917C96B3232}.Release|Any CPU.Build.0 = Release|Any CPU
		{A638B2CE-4CAE-42DA-B2C2-16318E70694E}.Debug|Any CPU.ActiveCfg = Debug|Any CPU
		{A638B2CE-4CAE-42DA-B2C2-16318E70694E}.Debug|Any CPU.Build.0 = Debug|Any CPU
		{A638B2CE-4CAE-42DA-B2C2-16318E70694E}.Release|Any CPU.ActiveCfg = Release|Any CPU
		{A638B2CE-4CAE-42DA-B2C2-16318E70694E}.Release|Any CPU.Build.0 = Release|Any CPU
		{B50C5631-9C69-4A6A-AD07-8FC4BA2AE6E7}.Debug|Any CPU.ActiveCfg = Debug|Any CPU
		{B50C5631-9C69-4A6A-AD07-8FC4BA2AE6E7}.Debug|Any CPU.Build.0 = Debug|Any CPU
		{B50C5631-9C69-4A6A-AD07-8FC4BA2AE6E7}.Release|Any CPU.ActiveCfg = Release|Any CPU
		{B50C5631-9C69-4A6A-AD07-8FC4BA2AE6E7}.Release|Any CPU.Build.0 = Release|Any CPU
		{10CA5A8D-1756-4E73-ACD3-7C06EC78654A}.Debug|Any CPU.ActiveCfg = Debug|Any CPU
		{10CA5A8D-1756-4E73-ACD3-7C06EC78654A}.Debug|Any CPU.Build.0 = Debug|Any CPU
		{10CA5A8D-1756-4E73-ACD3-7C06EC78654A}.Release|Any CPU.ActiveCfg = Release|Any CPU
		{10CA5A8D-1756-4E73-ACD3-7C06EC78654A}.Release|Any CPU.Build.0 = Release|Any CPU
		{141645A2-3BD1-4615-B044-D74A0E69534C}.Debug|Any CPU.ActiveCfg = Debug|Any CPU
		{141645A2-3BD1-4615-B044-D74A0E69534C}.Debug|Any CPU.Build.0 = Debug|Any CPU
		{141645A2-3BD1-4615-B044-D74A0E69534C}.Release|Any CPU.ActiveCfg = Release|Any CPU
		{141645A2-3BD1-4615-B044-D74A0E69534C}.Release|Any CPU.Build.0 = Release|Any CPU
		{C57EAF8F-BFF8-454E-BFDF-AD16F21F00D0}.Debug|Any CPU.ActiveCfg = Debug|Any CPU
		{C57EAF8F-BFF8-454E-BFDF-AD16F21F00D0}.Debug|Any CPU.Build.0 = Debug|Any CPU
		{C57EAF8F-BFF8-454E-BFDF-AD16F21F00D0}.Release|Any CPU.ActiveCfg = Release|Any CPU
		{C57EAF8F-BFF8-454E-BFDF-AD16F21F00D0}.Release|Any CPU.Build.0 = Release|Any CPU
		{CE839759-093F-4219-9CB0-1C08C8F6A610}.Debug|Any CPU.ActiveCfg = Debug|Any CPU
		{CE839759-093F-4219-9CB0-1C08C8F6A610}.Debug|Any CPU.Build.0 = Debug|Any CPU
		{CE839759-093F-4219-9CB0-1C08C8F6A610}.Release|Any CPU.ActiveCfg = Release|Any CPU
		{CE839759-093F-4219-9CB0-1C08C8F6A610}.Release|Any CPU.Build.0 = Release|Any CPU
		{DAF8EBBC-6765-4399-9DDF-012C95AFAF46}.Debug|Any CPU.ActiveCfg = Debug|Any CPU
		{DAF8EBBC-6765-4399-9DDF-012C95AFAF46}.Debug|Any CPU.Build.0 = Debug|Any CPU
		{DAF8EBBC-6765-4399-9DDF-012C95AFAF46}.Release|Any CPU.ActiveCfg = Release|Any CPU
		{DAF8EBBC-6765-4399-9DDF-012C95AFAF46}.Release|Any CPU.Build.0 = Release|Any CPU
		{418DFBD6-75E0-4EFB-902C-C07DE4371307}.Debug|Any CPU.ActiveCfg = Debug|Any CPU
		{418DFBD6-75E0-4EFB-902C-C07DE4371307}.Debug|Any CPU.Build.0 = Debug|Any CPU
		{418DFBD6-75E0-4EFB-902C-C07DE4371307}.Release|Any CPU.ActiveCfg = Release|Any CPU
		{418DFBD6-75E0-4EFB-902C-C07DE4371307}.Release|Any CPU.Build.0 = Release|Any CPU
		{6692650D-7464-4A65-AAAC-3FAB9EEC0B09}.Debug|Any CPU.ActiveCfg = Debug|Any CPU
		{6692650D-7464-4A65-AAAC-3FAB9EEC0B09}.Debug|Any CPU.Build.0 = Debug|Any CPU
		{6692650D-7464-4A65-AAAC-3FAB9EEC0B09}.Release|Any CPU.ActiveCfg = Release|Any CPU
		{6692650D-7464-4A65-AAAC-3FAB9EEC0B09}.Release|Any CPU.Build.0 = Release|Any CPU
	EndGlobalSection
	GlobalSection(SolutionProperties) = preSolution
		HideSolutionNode = FALSE
	EndGlobalSection
	GlobalSection(NestedProjects) = preSolution
		{DD055FC6-EDD0-4A41-B432-8917C96B3232} = {E3AD994E-601A-48AF-9A22-D3E8B68CB7A6}
		{A638B2CE-4CAE-42DA-B2C2-16318E70694E} = {37734B3A-9FAA-4F1A-A00E-E505C64940E1}
		{B50C5631-9C69-4A6A-AD07-8FC4BA2AE6E7} = {37734B3A-9FAA-4F1A-A00E-E505C64940E1}
		{10CA5A8D-1756-4E73-ACD3-7C06EC78654A} = {37734B3A-9FAA-4F1A-A00E-E505C64940E1}
		{141645A2-3BD1-4615-B044-D74A0E69534C} = {C990B072-5CDF-48EB-9C32-AB84BDBEA807}
		{C57EAF8F-BFF8-454E-BFDF-AD16F21F00D0} = {BC57C43D-BF84-4472-86C6-F8B4BA256828}
		{CE839759-093F-4219-9CB0-1C08C8F6A610} = {6228A487-9FB9-4562-8141-B8575CC22079}
		{DAF8EBBC-6765-4399-9DDF-012C95AFAF46} = {BC57C43D-BF84-4472-86C6-F8B4BA256828}
		{418DFBD6-75E0-4EFB-902C-C07DE4371307} = {0E0B00AE-717F-4017-8C52-C08100E5C741}
		{6692650D-7464-4A65-AAAC-3FAB9EEC0B09} = {322A5E74-E81D-4943-8D28-D08F0527559B}
	EndGlobalSection
	GlobalSection(ExtensibilityGlobals) = postSolution
		SolutionGuid = {B9176513-CCB9-4ACA-BAE9-13343AC81AAF}
	EndGlobalSection
EndGlobal
