
Microsoft Visual Studio Solution File, Format Version 12.00
# Visual Studio Version 17
VisualStudioVersion = 17.1.32127.271
MinimumVisualStudioVersion = 10.0.40219.1
Project("{9A19103F-16F7-4668-BE54-9A1E7A4F7556}") = "PerformanceTest", "PerformanceTest\PerformanceTest.csproj", "{DD055FC6-EDD0-4A41-B432-8917C96B3232}"
EndProject
Project("{9A19103F-16F7-4668-BE54-9A1E7A4F7556}") = "TestDTDLGenerator", "TestDTDLGenerator\TestDTDLGenerator.csproj", "{141645A2-3BD1-4615-B044-D74A0E69534C}"
EndProject
Project("{2150E333-8FDC-42A3-9474-1A3956D46DE8}") = "1. DTDL", "1. DTDL", "{C990B072-5CDF-48EB-9C32-AB84BDBEA807}"
EndProject
Project("{2150E333-8FDC-42A3-9474-1A3956D46DE8}") = "3. Generic Math", "3. Generic Math", "{322A5E74-E81D-4943-8D28-D08F0527559B}"
EndProject
Project("{2150E333-8FDC-42A3-9474-1A3956D46DE8}") = "4. Performance Test", "4. Performance Test", "{E3AD994E-601A-48AF-9A22-D3E8B68CB7A6}"
EndProject
Project("{2150E333-8FDC-42A3-9474-1A3956D46DE8}") = "5. ANTLR", "5. ANTLR", "{BC57C43D-BF84-4472-86C6-F8B4BA256828}"
EndProject
Project("{2150E333-8FDC-42A3-9474-1A3956D46DE8}") = "8. Notebooks", "8. Notebooks", "{6228A487-9FB9-4562-8141-B8575CC22079}"
EndProject
Project("{9A19103F-16F7-4668-BE54-9A1E7A4F7556}") = "AcmeMathLanguage", "AcmeMathLanguage\AcmeMathLanguage.csproj", "{C57EAF8F-BFF8-454E-BFDF-AD16F21F00D0}"
EndProject
Project("{9A19103F-16F7-4668-BE54-9A1E7A4F7556}") = "AcmeMathLanguagePlayground", "AcmeMathLanguagePlayground\AcmeMathLanguagePlayground.csproj", "{DAF8EBBC-6765-4399-9DDF-012C95AFAF46}"
EndProject
Project("{9A19103F-16F7-4668-BE54-9A1E7A4F7556}") = "GenericMath", "GenericMath\GenericMath.csproj", "{6692650D-7464-4A65-AAAC-3FAB9EEC0B09}"
EndProject
Project("{9A19103F-16F7-4668-BE54-9A1E7A4F7556}") = "DTDLGenerator", "DTDLGenerator\DTDLGenerator.csproj", "{BD973A72-EA30-4D3C-AB1B-2E5C2224B090}"
EndProject
Project("{9A19103F-16F7-4668-BE54-9A1E7A4F7556}") = "GenericTypeGenerator", "GenericTypeGenerator\GenericTypeGenerator.csproj", "{1B0C583E-BCA7-4BD0-9F93-9D09F8734E23}"
EndProject
Project("{9A19103F-16F7-4668-BE54-9A1E7A4F7556}") = "GenericMathLib", "GenericMathLib\GenericMathLib.csproj", "{A23A6946-C14B-484E-8BEE-75BCE0D5CD33}"
EndProject
Project("{2150E333-8FDC-42A3-9474-1A3956D46DE8}") = "2. Generic Interfaces", "2. Generic Interfaces", "{ED03BB5F-F239-40B1-B391-308897F77C84}"
EndProject
Project("{9A19103F-16F7-4668-BE54-9A1E7A4F7556}") = "GenericInterfaces", "GenericInterfaces\GenericInterfaces.csproj", "{75AAAC79-981E-445D-97F5-E69F445BF4ED}"
EndProject
Project("{9A19103F-16F7-4668-BE54-9A1E7A4F7556}") = "IEC61131ST", "IEC61131_3Lang\IEC61131ST.csproj", "{BE6378D1-02B7-4620-A27B-7F93C081FDE2}"
EndProject
Project("{9A19103F-16F7-4668-BE54-9A1E7A4F7556}") = "ConsoleApp1", "ConsoleApp1\ConsoleApp1.csproj", "{B31A68A0-42CF-45B8-A9F9-428501E13AA5}"
EndProject
Project("{9A19103F-16F7-4668-BE54-9A1E7A4F7556}") = "AcmeMath.InteractiveExtension", "AcmeMath.InteractiveExtension\AcmeMath.InteractiveExtension.csproj", "{80AF4663-6C38-40DE-BC0A-68601F2F44E6}"
EndProject
Project("{9A19103F-16F7-4668-BE54-9A1E7A4F7556}") = "AcmeMath", "AcmeMath\AcmeMath.csproj", "{6E982904-2054-4419-BC35-166136008B36}"
EndProject
Project("{FAE04EC0-301F-11D3-BF4B-00C04F79EFBC}") = "AcmeLaTeX", "AcmeLaTeX\AcmeLaTeX.csproj", "{0A1395A4-5E73-45EA-A618-3D1B155EE962}"
EndProject
Global
	GlobalSection(SolutionConfigurationPlatforms) = preSolution
		Debug|Any CPU = Debug|Any CPU
		Release|Any CPU = Release|Any CPU
	EndGlobalSection
	GlobalSection(ProjectConfigurationPlatforms) = postSolution
		{DD055FC6-EDD0-4A41-B432-8917C96B3232}.Debug|Any CPU.ActiveCfg = Debug|Any CPU
		{DD055FC6-EDD0-4A41-B432-8917C96B3232}.Debug|Any CPU.Build.0 = Debug|Any CPU
		{DD055FC6-EDD0-4A41-B432-8917C96B3232}.Release|Any CPU.ActiveCfg = Release|Any CPU
		{DD055FC6-EDD0-4A41-B432-8917C96B3232}.Release|Any CPU.Build.0 = Release|Any CPU
		{141645A2-3BD1-4615-B044-D74A0E69534C}.Debug|Any CPU.ActiveCfg = Debug|Any CPU
		{141645A2-3BD1-4615-B044-D74A0E69534C}.Debug|Any CPU.Build.0 = Debug|Any CPU
		{141645A2-3BD1-4615-B044-D74A0E69534C}.Release|Any CPU.ActiveCfg = Release|Any CPU
		{141645A2-3BD1-4615-B044-D74A0E69534C}.Release|Any CPU.Build.0 = Release|Any CPU
		{C57EAF8F-BFF8-454E-BFDF-AD16F21F00D0}.Debug|Any CPU.ActiveCfg = Debug|Any CPU
		{C57EAF8F-BFF8-454E-BFDF-AD16F21F00D0}.Debug|Any CPU.Build.0 = Debug|Any CPU
		{C57EAF8F-BFF8-454E-BFDF-AD16F21F00D0}.Release|Any CPU.ActiveCfg = Release|Any CPU
		{C57EAF8F-BFF8-454E-BFDF-AD16F21F00D0}.Release|Any CPU.Build.0 = Release|Any CPU
		{DAF8EBBC-6765-4399-9DDF-012C95AFAF46}.Debug|Any CPU.ActiveCfg = Debug|Any CPU
		{DAF8EBBC-6765-4399-9DDF-012C95AFAF46}.Debug|Any CPU.Build.0 = Debug|Any CPU
		{DAF8EBBC-6765-4399-9DDF-012C95AFAF46}.Release|Any CPU.ActiveCfg = Release|Any CPU
		{DAF8EBBC-6765-4399-9DDF-012C95AFAF46}.Release|Any CPU.Build.0 = Release|Any CPU
		{6692650D-7464-4A65-AAAC-3FAB9EEC0B09}.Debug|Any CPU.ActiveCfg = Debug|Any CPU
		{6692650D-7464-4A65-AAAC-3FAB9EEC0B09}.Debug|Any CPU.Build.0 = Debug|Any CPU
		{6692650D-7464-4A65-AAAC-3FAB9EEC0B09}.Release|Any CPU.ActiveCfg = Release|Any CPU
		{6692650D-7464-4A65-AAAC-3FAB9EEC0B09}.Release|Any CPU.Build.0 = Release|Any CPU
		{BD973A72-EA30-4D3C-AB1B-2E5C2224B090}.Debug|Any CPU.ActiveCfg = Debug|Any CPU
		{BD973A72-EA30-4D3C-AB1B-2E5C2224B090}.Debug|Any CPU.Build.0 = Debug|Any CPU
		{BD973A72-EA30-4D3C-AB1B-2E5C2224B090}.Release|Any CPU.ActiveCfg = Release|Any CPU
		{BD973A72-EA30-4D3C-AB1B-2E5C2224B090}.Release|Any CPU.Build.0 = Release|Any CPU
		{1B0C583E-BCA7-4BD0-9F93-9D09F8734E23}.Debug|Any CPU.ActiveCfg = Debug|Any CPU
		{1B0C583E-BCA7-4BD0-9F93-9D09F8734E23}.Debug|Any CPU.Build.0 = Debug|Any CPU
		{1B0C583E-BCA7-4BD0-9F93-9D09F8734E23}.Release|Any CPU.ActiveCfg = Release|Any CPU
		{1B0C583E-BCA7-4BD0-9F93-9D09F8734E23}.Release|Any CPU.Build.0 = Release|Any CPU
		{A23A6946-C14B-484E-8BEE-75BCE0D5CD33}.Debug|Any CPU.ActiveCfg = Debug|Any CPU
		{A23A6946-C14B-484E-8BEE-75BCE0D5CD33}.Debug|Any CPU.Build.0 = Debug|Any CPU
		{A23A6946-C14B-484E-8BEE-75BCE0D5CD33}.Release|Any CPU.ActiveCfg = Release|Any CPU
		{A23A6946-C14B-484E-8BEE-75BCE0D5CD33}.Release|Any CPU.Build.0 = Release|Any CPU
		{75AAAC79-981E-445D-97F5-E69F445BF4ED}.Debug|Any CPU.ActiveCfg = Debug|Any CPU
		{75AAAC79-981E-445D-97F5-E69F445BF4ED}.Debug|Any CPU.Build.0 = Debug|Any CPU
		{75AAAC79-981E-445D-97F5-E69F445BF4ED}.Release|Any CPU.ActiveCfg = Release|Any CPU
		{75AAAC79-981E-445D-97F5-E69F445BF4ED}.Release|Any CPU.Build.0 = Release|Any CPU
		{BE6378D1-02B7-4620-A27B-7F93C081FDE2}.Debug|Any CPU.ActiveCfg = Debug|Any CPU
		{BE6378D1-02B7-4620-A27B-7F93C081FDE2}.Debug|Any CPU.Build.0 = Debug|Any CPU
		{BE6378D1-02B7-4620-A27B-7F93C081FDE2}.Release|Any CPU.ActiveCfg = Release|Any CPU
		{BE6378D1-02B7-4620-A27B-7F93C081FDE2}.Release|Any CPU.Build.0 = Release|Any CPU
		{B31A68A0-42CF-45B8-A9F9-428501E13AA5}.Debug|Any CPU.ActiveCfg = Debug|Any CPU
		{B31A68A0-42CF-45B8-A9F9-428501E13AA5}.Debug|Any CPU.Build.0 = Debug|Any CPU
		{B31A68A0-42CF-45B8-A9F9-428501E13AA5}.Release|Any CPU.ActiveCfg = Release|Any CPU
		{B31A68A0-42CF-45B8-A9F9-428501E13AA5}.Release|Any CPU.Build.0 = Release|Any CPU
		{80AF4663-6C38-40DE-BC0A-68601F2F44E6}.Debug|Any CPU.ActiveCfg = Debug|Any CPU
		{80AF4663-6C38-40DE-BC0A-68601F2F44E6}.Debug|Any CPU.Build.0 = Debug|Any CPU
		{80AF4663-6C38-40DE-BC0A-68601F2F44E6}.Release|Any CPU.ActiveCfg = Release|Any CPU
		{80AF4663-6C38-40DE-BC0A-68601F2F44E6}.Release|Any CPU.Build.0 = Release|Any CPU
		{6E982904-2054-4419-BC35-166136008B36}.Debug|Any CPU.ActiveCfg = Debug|Any CPU
		{6E982904-2054-4419-BC35-166136008B36}.Debug|Any CPU.Build.0 = Debug|Any CPU
		{6E982904-2054-4419-BC35-166136008B36}.Release|Any CPU.ActiveCfg = Release|Any CPU
		{6E982904-2054-4419-BC35-166136008B36}.Release|Any CPU.Build.0 = Release|Any CPU
		{0A1395A4-5E73-45EA-A618-3D1B155EE962}.Debug|Any CPU.ActiveCfg = Debug|Any CPU
		{0A1395A4-5E73-45EA-A618-3D1B155EE962}.Debug|Any CPU.Build.0 = Debug|Any CPU
		{0A1395A4-5E73-45EA-A618-3D1B155EE962}.Release|Any CPU.ActiveCfg = Release|Any CPU
		{0A1395A4-5E73-45EA-A618-3D1B155EE962}.Release|Any CPU.Build.0 = Release|Any CPU
	EndGlobalSection
	GlobalSection(SolutionProperties) = preSolution
		HideSolutionNode = FALSE
	EndGlobalSection
	GlobalSection(NestedProjects) = preSolution
		{DD055FC6-EDD0-4A41-B432-8917C96B3232} = {E3AD994E-601A-48AF-9A22-D3E8B68CB7A6}
		{141645A2-3BD1-4615-B044-D74A0E69534C} = {C990B072-5CDF-48EB-9C32-AB84BDBEA807}
		{C57EAF8F-BFF8-454E-BFDF-AD16F21F00D0} = {BC57C43D-BF84-4472-86C6-F8B4BA256828}
		{DAF8EBBC-6765-4399-9DDF-012C95AFAF46} = {BC57C43D-BF84-4472-86C6-F8B4BA256828}
		{6692650D-7464-4A65-AAAC-3FAB9EEC0B09} = {322A5E74-E81D-4943-8D28-D08F0527559B}
		{BD973A72-EA30-4D3C-AB1B-2E5C2224B090} = {C990B072-5CDF-48EB-9C32-AB84BDBEA807}
		{1B0C583E-BCA7-4BD0-9F93-9D09F8734E23} = {322A5E74-E81D-4943-8D28-D08F0527559B}
		{A23A6946-C14B-484E-8BEE-75BCE0D5CD33} = {322A5E74-E81D-4943-8D28-D08F0527559B}
		{75AAAC79-981E-445D-97F5-E69F445BF4ED} = {ED03BB5F-F239-40B1-B391-308897F77C84}
		{BE6378D1-02B7-4620-A27B-7F93C081FDE2} = {BC57C43D-BF84-4472-86C6-F8B4BA256828}
		{B31A68A0-42CF-45B8-A9F9-428501E13AA5} = {322A5E74-E81D-4943-8D28-D08F0527559B}
		{80AF4663-6C38-40DE-BC0A-68601F2F44E6} = {6228A487-9FB9-4562-8141-B8575CC22079}
		{6E982904-2054-4419-BC35-166136008B36} = {6228A487-9FB9-4562-8141-B8575CC22079}
	EndGlobalSection
	GlobalSection(ExtensibilityGlobals) = postSolution
		SolutionGuid = {B9176513-CCB9-4ACA-BAE9-13343AC81AAF}
	EndGlobalSection
EndGlobal
